
Microsoft Visual Studio Solution File, Format Version 12.00
# Visual Studio Version 16
VisualStudioVersion = 16.0.29025.244
MinimumVisualStudioVersion = 10.0.40219.1
Project("{FAE04EC0-301F-11D3-BF4B-00C04F79EFBC}") = "AppWindows", "AppWindows\AppWindows.csproj", "{77A2AD27-233E-48C5-97D7-896F8BEC090D}"
EndProject
Project("{FAE04EC0-301F-11D3-BF4B-00C04F79EFBC}") = "API", "API\API.csproj", "{7BA8CC17-D97C-48E0-A63B-71A77102986C}"
EndProject
Global
	GlobalSection(SolutionConfigurationPlatforms) = preSolution
		Debug|Any CPU = Debug|Any CPU
		Release|Any CPU = Release|Any CPU
	EndGlobalSection
	GlobalSection(ProjectConfigurationPlatforms) = postSolution
		{77A2AD27-233E-48C5-97D7-896F8BEC090D}.Debug|Any CPU.ActiveCfg = Debug|Any CPU
		{77A2AD27-233E-48C5-97D7-896F8BEC090D}.Debug|Any CPU.Build.0 = Debug|Any CPU
		{77A2AD27-233E-48C5-97D7-896F8BEC090D}.Release|Any CPU.ActiveCfg = Release|Any CPU
		{77A2AD27-233E-48C5-97D7-896F8BEC090D}.Release|Any CPU.Build.0 = Release|Any CPU
		{7BA8CC17-D97C-48E0-A63B-71A77102986C}.Debug|Any CPU.ActiveCfg = Debug|Any CPU
		{7BA8CC17-D97C-48E0-A63B-71A77102986C}.Debug|Any CPU.Build.0 = Debug|Any CPU
		{7BA8CC17-D97C-48E0-A63B-71A77102986C}.Release|Any CPU.ActiveCfg = Release|Any CPU
		{7BA8CC17-D97C-48E0-A63B-71A77102986C}.Release|Any CPU.Build.0 = Release|Any CPU
	EndGlobalSection
	GlobalSection(SolutionProperties) = preSolution
		HideSolutionNode = FALSE
	EndGlobalSection
	GlobalSection(ExtensibilityGlobals) = postSolution
		SolutionGuid = {7FE2A0F7-493A-46A0-80E4-4904784B6E3E}
	EndGlobalSection
EndGlobal
